// !$*UTF8*$!
{
	archiveVersion = 1;
	classes = {
	};
	objectVersion = 46;
	objects = {

/* Begin PBXFileReference section */
		5101C1491E6F93D80000CC89 /* SprintReportCharts.js */ = {isa = PBXFileReference; lastKnownFileType = sourcecode.javascript; name = SprintReportCharts.js; path = ../SprintReportCharts.js; sourceTree = "<group>"; };
		5101C14A1E7248550000CC89 /* ReleaseCfd.js */ = {isa = PBXFileReference; lastKnownFileType = sourcecode.javascript; name = ReleaseCfd.js; path = ../ReleaseCfd.js; sourceTree = "<group>"; };
		516C2E461E6CE69A00E08C61 /* IterationInfo.js */ = {isa = PBXFileReference; lastKnownFileType = sourcecode.javascript; name = IterationInfo.js; path = ../IterationInfo.js; sourceTree = "<group>"; };
		51B3FAAC1E672664000B3E9C /* SprintReport.js */ = {isa = PBXFileReference; lastKnownFileType = sourcecode.javascript; name = SprintReport.js; path = ../SprintReport.js; sourceTree = "<group>"; };
		51B3FAAD1E673868000B3E9C /* SprintMetricsRow.js */ = {isa = PBXFileReference; lastKnownFileType = sourcecode.javascript; name = SprintMetricsRow.js; path = ../SprintMetricsRow.js; sourceTree = "<group>"; };
		51B3FAAE1E675D2F000B3E9C /* StoryMetricStories.js */ = {isa = PBXFileReference; lastKnownFileType = sourcecode.javascript; name = StoryMetricStories.js; path = ../StoryMetricStories.js; sourceTree = "<group>"; };
		51B3FAB11E6A502F000B3E9C /* StoryGrid.js */ = {isa = PBXFileReference; lastKnownFileType = sourcecode.javascript; name = StoryGrid.js; path = ../StoryGrid.js; sourceTree = "<group>"; };
		51B3FAB21E6A61E0000B3E9C /* StoryStore.js */ = {isa = PBXFileReference; lastKnownFileType = sourcecode.javascript; name = StoryStore.js; path = ../StoryStore.js; sourceTree = "<group>"; };
/* End PBXFileReference section */

/* Begin PBXGroup section */
		51B3FAA51E67262D000B3E9C = {
			isa = PBXGroup;
			children = (
				516C2E461E6CE69A00E08C61 /* IterationInfo.js */,
				5101C14A1E7248550000CC89 /* ReleaseCfd.js */,
				5101C1491E6F93D80000CC89 /* SprintReportCharts.js */,
				51B3FAAE1E675D2F000B3E9C /* StoryMetricStories.js */,
				51B3FAAC1E672664000B3E9C /* SprintReport.js */,
				51B3FAAD1E673868000B3E9C /* SprintMetricsRow.js */,
				51B3FAB11E6A502F000B3E9C /* StoryGrid.js */,
				51B3FAB21E6A61E0000B3E9C /* StoryStore.js */,
			);
			sourceTree = "<group>";
		};
/* End PBXGroup section */

/* Begin PBXProject section */
		51B3FAA61E67262D000B3E9C /* Project object */ = {
			isa = PBXProject;
			attributes = {
				LastUpgradeCheck = 0820;
			};
			buildConfigurationList = 51B3FAA91E67262D000B3E9C /* Build configuration list for PBXProject "Sprint Report" */;
			compatibilityVersion = "Xcode 3.2";
			developmentRegion = English;
			hasScannedForEncodings = 0;
			knownRegions = (
				en,
			);
			mainGroup = 51B3FAA51E67262D000B3E9C;
			projectDirPath = "";
			projectRoot = "";
			targets = (
			);
		};
/* End PBXProject section */

/* Begin XCBuildConfiguration section */
		51B3FAAA1E67262D000B3E9C /* Debug */ = {
			isa = XCBuildConfiguration;
			buildSettings = {
			};
			name = Debug;
		};
		51B3FAAB1E67262D000B3E9C /* Release */ = {
			isa = XCBuildConfiguration;
			buildSettings = {
			};
			name = Release;
		};
/* End XCBuildConfiguration section */

/* Begin XCConfigurationList section */
		51B3FAA91E67262D000B3E9C /* Build configuration list for PBXProject "Sprint Report" */ = {
			isa = XCConfigurationList;
			buildConfigurations = (
				51B3FAAA1E67262D000B3E9C /* Debug */,
				51B3FAAB1E67262D000B3E9C /* Release */,
			);
			defaultConfigurationIsVisible = 0;
			defaultConfigurationName = Release;
		};
/* End XCConfigurationList section */
	};
	rootObject = 51B3FAA61E67262D000B3E9C /* Project object */;
}
